
Microsoft Visual Studio Solution File, Format Version 12.00
# Visual Studio Version 17
VisualStudioVersion = 17.5.002.0
MinimumVisualStudioVersion = 10.0.40219.1
Project("{9A19103F-16F7-4668-BE54-9A1E7A4F7556}") = "Task_01", "Task_01.csproj", "{B45619E1-9F40-4503-A3A3-D90E72E223A5}"
EndProject
Global
	GlobalSection(SolutionConfigurationPlatforms) = preSolution
		Debug|Any CPU = Debug|Any CPU
		Release|Any CPU = Release|Any CPU
	EndGlobalSection
	GlobalSection(ProjectConfigurationPlatforms) = postSolution
		{B45619E1-9F40-4503-A3A3-D90E72E223A5}.Debug|Any CPU.ActiveCfg = Debug|Any CPU
		{B45619E1-9F40-4503-A3A3-D90E72E223A5}.Debug|Any CPU.Build.0 = Debug|Any CPU
		{B45619E1-9F40-4503-A3A3-D90E72E223A5}.Release|Any CPU.ActiveCfg = Release|Any CPU
		{B45619E1-9F40-4503-A3A3-D90E72E223A5}.Release|Any CPU.Build.0 = Release|Any CPU
	EndGlobalSection
	GlobalSection(SolutionProperties) = preSolution
		HideSolutionNode = FALSE
	EndGlobalSection
	GlobalSection(ExtensibilityGlobals) = postSolution
		SolutionGuid = {0A08B8CD-425B-47E9-9CAB-893A2D406CB9}
	EndGlobalSection
EndGlobal
